
Microsoft Visual Studio Solution File, Format Version 12.00
# Visual Studio 14
VisualStudioVersion = 14.0.23107.0
MinimumVisualStudioVersion = 10.0.40219.1
Project("{FAE04EC0-301F-11D3-BF4B-00C04F79EFBC}") = "DurgamCS", "DurgamCS\DurgamCS.csproj", "{AFD811BA-2282-423C-B950-0AC2E77AA700}"
EndProject
Project("{FAE04EC0-301F-11D3-BF4B-00C04F79EFBC}") = "Exersice4", "Exersices\Exersice4\Exersice4.csproj", "{A6D3F0EC-BB52-4CFB-B317-6BEE34B963D9}"
EndProject
Project("{FAE04EC0-301F-11D3-BF4B-00C04F79EFBC}") = "Exersice5-uppgifter", "Exersices\Exersice5-uppgifter\Exersice5-uppgifter.csproj", "{0F8FAEE6-1B7A-4C4A-8D85-E772F8DB769A}"
EndProject
Project("{FAE04EC0-301F-11D3-BF4B-00C04F79EFBC}") = "Lab6", "Exersices\Lab6\Lab6.csproj", "{78900EDE-E3DF-444C-8430-57F1E0987B2F}"
EndProject
Global
	GlobalSection(SolutionConfigurationPlatforms) = preSolution
		Debug|Any CPU = Debug|Any CPU
		Release|Any CPU = Release|Any CPU
	EndGlobalSection
	GlobalSection(ProjectConfigurationPlatforms) = postSolution
		{AFD811BA-2282-423C-B950-0AC2E77AA700}.Debug|Any CPU.ActiveCfg = Debug|Any CPU
		{AFD811BA-2282-423C-B950-0AC2E77AA700}.Debug|Any CPU.Build.0 = Debug|Any CPU
		{AFD811BA-2282-423C-B950-0AC2E77AA700}.Release|Any CPU.ActiveCfg = Release|Any CPU
		{AFD811BA-2282-423C-B950-0AC2E77AA700}.Release|Any CPU.Build.0 = Release|Any CPU
		{A6D3F0EC-BB52-4CFB-B317-6BEE34B963D9}.Debug|Any CPU.ActiveCfg = Debug|Any CPU
		{A6D3F0EC-BB52-4CFB-B317-6BEE34B963D9}.Debug|Any CPU.Build.0 = Debug|Any CPU
		{A6D3F0EC-BB52-4CFB-B317-6BEE34B963D9}.Release|Any CPU.ActiveCfg = Release|Any CPU
		{A6D3F0EC-BB52-4CFB-B317-6BEE34B963D9}.Release|Any CPU.Build.0 = Release|Any CPU
		{0F8FAEE6-1B7A-4C4A-8D85-E772F8DB769A}.Debug|Any CPU.ActiveCfg = Debug|Any CPU
		{0F8FAEE6-1B7A-4C4A-8D85-E772F8DB769A}.Debug|Any CPU.Build.0 = Debug|Any CPU
		{0F8FAEE6-1B7A-4C4A-8D85-E772F8DB769A}.Release|Any CPU.ActiveCfg = Release|Any CPU
		{0F8FAEE6-1B7A-4C4A-8D85-E772F8DB769A}.Release|Any CPU.Build.0 = Release|Any CPU
		{78900EDE-E3DF-444C-8430-57F1E0987B2F}.Debug|Any CPU.ActiveCfg = Debug|Any CPU
		{78900EDE-E3DF-444C-8430-57F1E0987B2F}.Debug|Any CPU.Build.0 = Debug|Any CPU
		{78900EDE-E3DF-444C-8430-57F1E0987B2F}.Release|Any CPU.ActiveCfg = Release|Any CPU
		{78900EDE-E3DF-444C-8430-57F1E0987B2F}.Release|Any CPU.Build.0 = Release|Any CPU
	EndGlobalSection
	GlobalSection(SolutionProperties) = preSolution
		HideSolutionNode = FALSE
	EndGlobalSection
EndGlobal
